
Microsoft Visual Studio Solution File, Format Version 12.00
# Visual Studio Version 17
VisualStudioVersion = 17.10.34916.146
MinimumVisualStudioVersion = 10.0.40219.1
Project("{FAE04EC0-301F-11D3-BF4B-00C04F79EFBC}") = "MyProj", "MyProj.csproj", "{0679819E-0182-409B-A1C3-84093A5A848E}"
EndProject
Global
	GlobalSection(SolutionConfigurationPlatforms) = preSolution
		Debug|Any CPU = Debug|Any CPU
		Release|Any CPU = Release|Any CPU
	EndGlobalSection
	GlobalSection(ProjectConfigurationPlatforms) = postSolution
		{0679819E-0182-409B-A1C3-84093A5A848E}.Debug|Any CPU.ActiveCfg = Debug|Any CPU
		{0679819E-0182-409B-A1C3-84093A5A848E}.Debug|Any CPU.Build.0 = Debug|Any CPU
		{0679819E-0182-409B-A1C3-84093A5A848E}.Release|Any CPU.ActiveCfg = Release|Any CPU
		{0679819E-0182-409B-A1C3-84093A5A848E}.Release|Any CPU.Build.0 = Release|Any CPU
	EndGlobalSection
	GlobalSection(SolutionProperties) = preSolution
		HideSolutionNode = FALSE
	EndGlobalSection
	GlobalSection(ExtensibilityGlobals) = postSolution
		SolutionGuid = {754CC758-2F87-4019-80A3-42C7B20E0873}
	EndGlobalSection
EndGlobal
